{
  "requires": true,
  "lockfileVersion": 1,
  "dependencies": {
    "@ronomon/mime": {
      "version": "2.8.0",
      "resolved": "https://registry.npmjs.org/@ronomon/mime/-/mime-2.8.0.tgz",
      "integrity": "sha512-QYw4fatasg3nG1L7i1HulCREElc+Xf6tOWIIQGfClT2Wg9gjMhvApXv8IVHOAz7eJLqhrE8wzUAwRnOUjx5G3w==",
      "requires": {
        "@ronomon/base64": "2.2.0",
        "@ronomon/quoted-printable": "3.1.0",
        "iconv": "2.3.0"
      },
      "dependencies": {
        "@ronomon/base64": {
          "version": "2.2.0",
          "bundled": true,
          "requires": {
            "@ronomon/queue": "3.0.0",
            "nan": "2.8.0"
          }
        },
        "@ronomon/queue": {
          "version": "3.0.0",
          "bundled": true
        },
        "@ronomon/quoted-printable": {
          "version": "3.1.0",
          "bundled": true,
          "requires": {
            "@ronomon/queue": "3.0.0",
            "nan": "2.8.0"
          }
        },
        "iconv": {
          "version": "2.3.0",
          "bundled": true,
          "requires": {
            "nan": "2.8.0"
          }
        },
        "nan": {
          "version": "2.8.0",
          "bundled": true
        }
      }
    },
    "cli-progress": {
      "version": "1.8.0",
      "resolved": "https://registry.npmjs.org/cli-progress/-/cli-progress-1.8.0.tgz",
      "integrity": "sha1-Xor8MQ8gWPvjPpAG4xxxwcO12n8=",
      "requires": {
        "colors": "1.2.1"
      }
    },
    "colors": {
      "version": "1.2.1",
      "resolved": "https://registry.npmjs.org/colors/-/colors-1.2.1.tgz",
      "integrity": "sha512-s8+wktIuDSLffCywiwSxQOMqtPxML11a/dtHE17tMn4B1MSWw/C22EKf7M2KGUBcDaVFEGT+S8N02geDXeuNKg=="
    },
    "internet-message": {
      "version": "1.0.0",
      "resolved": "https://registry.npmjs.org/internet-message/-/internet-message-1.0.0.tgz",
      "integrity": "sha1-KPZTaKIqYgeZTG4h8OO/+/EnjSs="
    },
    "medium-type": {
      "version": "1.0.0",
      "resolved": "https://registry.npmjs.org/medium-type/-/medium-type-1.0.0.tgz",
      "integrity": "sha1-DHR1xiNSn6ONIHgl6b72tPbJOh0="
    },
    "mimemessage": {
      "version": "1.0.4",
      "resolved": "https://registry.npmjs.org/mimemessage/-/mimemessage-1.0.4.tgz",
      "integrity": "sha1-TC8kA3dl18w0SDLBfp4QVykxVas=",
      "requires": {
        "debug": "2.6.9",
        "random-string": "0.1.2"
      },
      "dependencies": {
        "debug": {
          "version": "2.6.9",
          "bundled": true,
          "requires": {
            "ms": "2.0.0"
          }
        },
        "ms": {
          "version": "2.0.0",
          "bundled": true
        },
        "random-string": {
          "version": "0.1.2",
          "bundled": true
        }
      }
    },
    "mongodb": {
      "version": "3.0.2",
      "resolved": "https://registry.npmjs.org/mongodb/-/mongodb-3.0.2.tgz",
      "integrity": "sha512-E50FmpSQchZAimn2uPIegoNoH9UQYR1yiGHtQPmmg8/Ekc97w6owHoqaBoz+assnd9V5LxMzmQ/VEWMsQMgZhQ==",
      "requires": {
        "mongodb-core": "3.0.2"
      },
      "dependencies": {
        "bson": {
          "version": "1.0.4",
          "bundled": true
        },
        "mongodb-core": {
          "version": "3.0.2",
          "bundled": true,
          "requires": {
            "bson": "1.0.4",
            "require_optional": "1.0.1"
          }
        },
        "require_optional": {
          "version": "1.0.1",
          "bundled": true,
          "requires": {
            "resolve-from": "2.0.0",
            "semver": "5.5.0"
          }
        },
        "resolve-from": {
          "version": "2.0.0",
          "bundled": true
        },
        "semver": {
          "version": "5.5.0",
          "bundled": true
        }
      }
    }
  }
}
